<?xml version="1.0" encoding="utf-8"?>
<Project ToolsVersion="4.0" xmlns="http://schemas.microsoft.com/developer/msbuild/2003">
  <ItemGroup>
    <Filter Include="源文件">
      <UniqueIdentifier>{4FC737F1-C7A5-4376-A066-2A32D752A2FF}</UniqueIdentifier>
      <Extensions>cpp;c;cc;cxx;def;odl;idl;hpj;bat;asm;asmx</Extensions>
    </Filter>
    <Filter Include="头文件">
      <UniqueIdentifier>{93995380-89BD-4b04-88EB-625FBE52EBFB}</UniqueIdentifier>
      <Extensions>h;hh;hpp;hxx;hm;inl;inc;ipp;xsd</Extensions>
    </Filter>
  </ItemGroup>
  <ItemGroup>
    <ClInclude Include="001_two_sum.h">
      <Filter>头文件</Filter>
    </ClInclude>
    <ClInclude Include="007_number_flip.h">
      <Filter>头文件</Filter>
    </ClInclude>
    <ClInclude Include="009_number_of_tracts.h">
      <Filter>头文件</Filter>
    </ClInclude>
    <ClInclude Include="013_roman_to_interger.h">
      <Filter>头文件</Filter>
    </ClInclude>
    <ClInclude Include="014_Longest_Common_Prefix.h">
      <Filter>头文件</Filter>
    </ClInclude>
    <ClInclude Include="021_merge_two_sorted_lists.h">
      <Filter>头文件</Filter>
    </ClInclude>
    <ClInclude Include="020_valid_parentheses.h">
      <Filter>头文件</Filter>
    </ClInclude>
    <ClInclude Include="026_remove_dumplicates_from_sorted_Array.h">
      <Filter>头文件</Filter>
    </ClInclude>
    <ClInclude Include="027_remove_element.h">
      <Filter>头文件</Filter>
    </ClInclude>
    <ClInclude Include="028_myStrstr.h">
      <Filter>头文件</Filter>
    </ClInclude>
    <ClInclude Include="002_add_two_numbers.h">
      <Filter>头文件</Filter>
    </ClInclude>
    <ClInclude Include="003_longest_substr.h">
      <Filter>头文件</Filter>
    </ClInclude>
    <ClInclude Include="mainHead.h">
      <Filter>头文件</Filter>
    </ClInclude>
    <ClInclude Include="008_string_to_integer.h">
      <Filter>头文件</Filter>
    </ClInclude>
    <ClInclude Include="005_Longest_palindromic_sumstring.h">
      <Filter>头文件</Filter>
    </ClInclude>
    <ClInclude Include="1116_print_zero_even_odd.h">
      <Filter>头文件</Filter>
    </ClInclude>
    <ClInclude Include="035_search_insert_position.hpp">
      <Filter>头文件</Filter>
    </ClInclude>
    <ClInclude Include="038_count_and_say.hpp">
      <Filter>头文件</Filter>
    </ClInclude>
    <ClInclude Include="015_three_sum.hpp">
      <Filter>头文件</Filter>
    </ClInclude>
    <ClInclude Include="006_zigzag_conversion.h">
      <Filter>头文件</Filter>
    </ClInclude>
    <ClInclude Include="01_08_zero_matrix.h">
      <Filter>头文件</Filter>
    </ClInclude>
    <ClInclude Include="019_remove_nth_node_from_end_of_list.h">
      <Filter>头文件</Filter>
    </ClInclude>
    <ClInclude Include="02_01_remove_duplicate_node.h">
      <Filter>头文件</Filter>
    </ClInclude>
    <ClInclude Include="521_longest_uncommon_subsequence.h">
      <Filter>头文件</Filter>
    </ClInclude>
    <ClInclude Include="010_regular_expression_matching.h">
      <Filter>头文件</Filter>
    </ClInclude>
    <ClInclude Include="012_Integer_to_roman.h">
      <Filter>头文件</Filter>
    </ClInclude>
    <ClInclude Include="011_Container_with_most_water.h">
      <Filter>头文件</Filter>
    </ClInclude>
    <ClInclude Include="029_divide_two_integers.h">
      <Filter>头文件</Filter>
    </ClInclude>
    <ClInclude Include="083_remove_duplicate_from_vector.h">
      <Filter>头文件</Filter>
    </ClInclude>
  </ItemGroup>
  <ItemGroup>
    <ClCompile Include="main.cpp">
      <Filter>源文件</Filter>
    </ClCompile>
    <ClCompile Include="704_birnary_search.h">
      <Filter>头文件</Filter>
    </ClCompile>
  </ItemGroup>
</Project>